# THIS IS AN AUTOGENERATED FILE. DO NOT EDIT THIS FILE DIRECTLY.
# yarn lockfile v1


"@playwright/test@^1.22.2":
  "integrity" "sha512-cCl96BEBGPtptFz7C2FOSN3PrTnJ3rPpENe+gYCMx4GNNDlN4tmo2D89y13feGKTMMAIVrXfSQ/UmaQKLy1XLA=="
  "resolved" "https://registry.npmjs.org/@playwright/test/-/test-1.22.2.tgz"
  "version" "1.22.2"
  dependencies:
    "@types/node" "*"
    "playwright-core" "1.22.2"

"@types/node@*":
  "integrity" "sha512-cHlGmko4gWLVI27cGJntjs/Sj8th9aYwplmZFwmmgYQQvL5NUsgVJG7OddLvNfLqYS31KFN0s3qlaD9qCaxACA=="
  "resolved" "https://registry.npmjs.org/@types/node/-/node-18.0.0.tgz"
  "version" "18.0.0"

"playwright-core@1.22.2":
  "integrity" "sha512-w/hc/Ld0RM4pmsNeE6aL/fPNWw8BWit2tg+TfqJ3+p59c6s3B6C8mXvXrIPmfQEobkcFDc+4KirNzOQ+uBSP1Q=="
  "resolved" "https://registry.npmjs.org/playwright-core/-/playwright-core-1.22.2.tgz"
  "version" "1.22.2"
